{
  "version": 4,
  "terraform_version": "1.15.3",
  "serial": 28,
  "lineage": "2111b848-83a4-6e88-63be-078d0f774161",
  "outputs": {},
  "resources": [
    {
      "mode": "managed",
      "type": "kind_cluster",
      "name": "lab_puro",
      "provider": "provider[\"registry.terraform.io/tehcyx/kind\"]",
      "instances": [
        {
          "schema_version": 0,
          "attributes": {
            "client_certificate": "-----BEGIN CERTIFICATE-----\nMIIDITCCAgmgAwIBAgIITmq400iItZ0wDQYJKoZIhvcNAQELBQAwFTETMBEGA1UE\nAxMKa3ViZXJuZXRlczAeFw0yNjA1MjMyMjI2MTlaFw0yNzA1MjMyMjI2MjBaMDQx\nFzAVBgNVBAoTDnN5c3RlbTptYXN0ZXJzMRkwFwYDVQQDExBrdWJlcm5ldGVzLWFk\nbWluMIIBIjANBgkqhkiG9w0BAQEFAAOCAQ8AMIIBCgKCAQEA+VCZ3fepMfZp5rtX\n6qkA0+H07N9ZGX7nydQJoY5JHqykiF00JoJMlCRbJGS0XCeDnSufd0jBQUAjjzCB\nWuxIQF8CMuFOJ3yoUQITqsZw/7RnlslrGETZ9Br1su5J33ez8k+b/Tgxs4XDTEDW\nUb+LtpOuQO1bx9hblNkal/h3LC/9b3RfAL/vk/YijAIHrm3trzukX5d0Ve3NLKN+\n75w7Us7Gwl04jNFUGqTktlqCRbcmVo9N3GeWI6SFFdmAgoCSVcfLJpfVsllOVCOk\nfvOFRyvtbs637JAYIw7vXrFCUM7v9MbpiKOAlcctOXo5aD75ndwS+SmxYUbMYsJB\nnt3SwQIDAQABo1YwVDAOBgNVHQ8BAf8EBAMCBaAwEwYDVR0lBAwwCgYIKwYBBQUH\nAwIwDAYDVR0TAQH/BAIwADAfBgNVHSMEGDAWgBQa+ahVn9eezGtpDrOyWcC9T5Bp\n6TANBgkqhkiG9w0BAQsFAAOCAQEAh89pxP/tqzNlBJnAvLII0opH991amvI7d2mv\nlfHpbLkiam/QP/SKMTnyNX72wwFnfA5l31gOCcVO5M23S+cTzXAAQKLqYPXzOK4R\nCrWZLKQ5FmB4kZ4IgmOlTy8dZZkdEQKuLp/0maOGbo8p3nhnwLTDFRLsmlRu07x1\ngyI9AHPwIuq2LRXM+wI7f5rFX39tDtIAAFo1FfEs2rGEgCe97vOu2Sl5RlSs7kfq\n4sdpVMBCpsn4NIiZQpy4WzwtgYtaIJ+K3jA3ZsQiUgWi56225eOjOLG32h9ICogP\nNApEt4+medCUuD3aqdGuYllEtJz5PRVJw3XyWpf7KNPKwz5w1Q==\n-----END CERTIFICATE-----\n",
            "client_key": "-----BEGIN RSA PRIVATE KEY-----\nMIIEogIBAAKCAQEA+VCZ3fepMfZp5rtX6qkA0+H07N9ZGX7nydQJoY5JHqykiF00\nJoJMlCRbJGS0XCeDnSufd0jBQUAjjzCBWuxIQF8CMuFOJ3yoUQITqsZw/7Rnlslr\nGETZ9Br1su5J33ez8k+b/Tgxs4XDTEDWUb+LtpOuQO1bx9hblNkal/h3LC/9b3Rf\nAL/vk/YijAIHrm3trzukX5d0Ve3NLKN+75w7Us7Gwl04jNFUGqTktlqCRbcmVo9N\n3GeWI6SFFdmAgoCSVcfLJpfVsllOVCOkfvOFRyvtbs637JAYIw7vXrFCUM7v9Mbp\niKOAlcctOXo5aD75ndwS+SmxYUbMYsJBnt3SwQIDAQABAoIBAFwRoeDQttDWmOE2\nSg9EfiPBC/v1tyetL9fez/ezXdlQFCqvkLSv5avHiUj1T43AoeAG3grk+UkpcHhO\nh1aWb1AmRd+YSI5YgKf5xl2Iju4/JwoOM9hwhLSayCVdzjYSNIfFUmu+tsv/F9Iv\nF3Z08BlqjC05+mzgv2FGk4WPoiLUk4BqGbYSUAdjGG3h4OEbD3BFwcNTdwzXWn0P\nABXgNrehvdhZPZFhAynnKBwA3rKBiGuVrJzbOA9bw7MYBQM32pWXBWte7nFwgTIH\nzjcTcdJRCuBo80iUQyn+hGjM98sJRHOqRenNf9ffvJdX0zlBaC1+LtZZd5c9O0vX\n0sSVsSkCgYEA+zuKbKiRMy9ArF6k65ljCpvtxdHO5kqibs0yAq9UFc6SS2vBAF9h\nE/m+YGZQfJJDEu3pFHUHkPbipR68S3h/+N+H1hHelC6vapvXoacR0eSVZ9m8pUtZ\nYCqghE5qpy5kdGIA9LAsEDmgIStshBXksrDBGXjUi1CKeTvkOstSPf8CgYEA/gu+\ng3fEYyR4MqkOK9qHFXlt4H0Zni6u06HVftKhgAqm62WZDAqBRlanEnFTwxxcKRou\n8t3TQ7QnJ7cEPipBRfJfPD4/bLWfU4qBnbDKUIzY2iVPIVEE1lNWwylPIBL7h1jS\nQInRRJipO1NVKjFzE7iNReiVJN+KejFu3tFBbz8CgYBzlwRsU+5id2YxKGaGw47v\nDakLcCnaiRJNGnndBGASnHVw4AXvrvKSZ0CxR8HWXtEff3jS4bl2eDD1Obv2mV1/\n2xC7bINU+FnbGhLPHHg1cw9Otb526sEXXuV1mkK14sFzTrgT3I6ZdHn5aOpHp28O\nzAY8OvzHkGn1t5mdd3jCbwKBgGuC3tpWWjc23ONbphKrBZXx8K0bZDcMPJJ1n5tv\nWkeMun1OXsm4vGLfEw98BF3C58HBQfMoK1swp41oJ5SDX2JRozokgcTozAeXyyjI\nA6a5JKCVP3qzBeAKHuKy3biOMAJkdX44lOZ50My5hIY5rSDAbpEST+Pt8nWp6+jC\nF/YTAoGADXJkKibvSLBv0fwhatJAEk7JrStrpqPlSvGtmXYcdOb9pVBAl78uOPD3\nr5wIILwwq5FruZREvQRxfI5GcD08WRwz8qBj4bHHP6BJHvm6U5CGp8+4H+LDAKZx\n+FbBm9O7x0s1/tYdtuK1jKdrxBiKjw22pci/jF9HZhgn6vOVMfw=\n-----END RSA PRIVATE KEY-----\n",
            "cluster_ca_certificate": "-----BEGIN CERTIFICATE-----\nMIIC/jCCAeagAwIBAgIBADANBgkqhkiG9w0BAQsFADAVMRMwEQYDVQQDEwprdWJl\ncm5ldGVzMB4XDTI2MDUyMzIyMjYxOVoXDTM2MDUyMDIyMjYxOVowFTETMBEGA1UE\nAxMKa3ViZXJuZXRlczCCASIwDQYJKoZIhvcNAQEBBQADggEPADCCAQoCggEBAKfu\nQ/Zj6xZDZwunVY87zzV5xaFPXnl9QVGzQJOgEt412Nxcniz6fHVHTWEu/3IiCDlh\nHtGddcXwjGjwGW2pFafYwnng/4zm1IJDucNabIEpHTL0bUJdkjIiCGB6rHCZkp9Z\n0hfciwmmxZvY+YZYr49Av1F/q338m3L6u4raXR/zPaNPZnvQwsC3nfKT7h097loK\n/5ttG0kSGcchqNVZbsWeSaYxgJRFPlHNESRXJHpreGBATUeuLLfhsLlBgtMG4Kog\niKZywANsJTgOfagW4G+JzqifRFda58PnEVZSuQ2Axi09B0ASd7lab6eY2b0u2enf\nVeG6GX8LKNT+eJrgEzkCAwEAAaNZMFcwDgYDVR0PAQH/BAQDAgKkMA8GA1UdEwEB\n/wQFMAMBAf8wHQYDVR0OBBYEFBr5qFWf157Ma2kOs7JZwL1PkGnpMBUGA1UdEQQO\nMAyCCmt1YmVybmV0ZXMwDQYJKoZIhvcNAQELBQADggEBAGbuDY8jPIv+NErlzLX4\nkjCVFDFjM0WKBwtZ4i4yITcB/vLNzpcH5FJfY/13e+Mnh6WJ0uSvRAbcNyba5tgu\nMlT/HB4Crm82Cmr9+1CvHca+rK25TjWoq7qaBYmOdDMRj8FCj1aCL+Cxabt8qM8O\n2zb6Xkv965vqWG4WPQKv5rAaknXaj7rmF2FzDgLyvC33DApzrj3KrBJ+DJ5veVzC\nU69Kng9nVq55Rdim/FMFBvj3uYCpVPmVsZwaELiyF8azPt0mVBKMjiwkt0mMJCTF\njzNFVK1ZbC1Gv/6FTM9SylrYq7FWTXyGZqJptZ9j2hj2aTmK4O0zMD2/QKkR8eKz\nxFY=\n-----END CERTIFICATE-----\n",
            "completed": true,
            "endpoint": "https://127.0.0.1:35879",
            "id": "lab-puro-",
            "kind_config": [
              {
                "api_version": "kind.x-k8s.io/v1alpha4",
                "containerd_config_patches": [],
                "feature_gates": {},
                "kind": "Cluster",
                "networking": [],
                "node": [
                  {
                    "extra_mounts": [],
                    "extra_port_mappings": [],
                    "image": "",
                    "kubeadm_config_patches": [],
                    "labels": {},
                    "role": "control-plane"
                  },
                  {
                    "extra_mounts": [],
                    "extra_port_mappings": [],
                    "image": "",
                    "kubeadm_config_patches": [],
                    "labels": {},
                    "role": "worker"
                  },
                  {
                    "extra_mounts": [],
                    "extra_port_mappings": [],
                    "image": "",
                    "kubeadm_config_patches": [],
                    "labels": {},
                    "role": "worker"
                  }
                ],
                "runtime_config": {}
              }
            ],
            "kubeconfig": "apiVersion: v1\nclusters:\n- cluster:\n    certificate-authority-data: LS0tLS1CRUdJTiBDRVJUSUZJQ0FURS0tLS0tCk1JSUMvakNDQWVhZ0F3SUJBZ0lCQURBTkJna3Foa2lHOXcwQkFRc0ZBREFWTVJNd0VRWURWUVFERXdwcmRXSmwKY201bGRHVnpNQjRYRFRJMk1EVXlNekl5TWpZeE9Wb1hEVE0yTURVeU1ESXlNall4T1Zvd0ZURVRNQkVHQTFVRQpBeE1LYTNWaVpYSnVaWFJsY3pDQ0FTSXdEUVlKS29aSWh2Y05BUUVCQlFBRGdnRVBBRENDQVFvQ2dnRUJBS2Z1ClEvWmo2eFpEWnd1blZZODd6elY1eGFGUFhubDlRVkd6UUpPZ0V0NDEyTnhjbml6NmZIVkhUV0V1LzNJaUNEbGgKSHRHZGRjWHdqR2p3R1cycEZhZll3bm5nLzR6bTFJSkR1Y05hYklFcEhUTDBiVUpka2pJaUNHQjZySENaa3A5WgowaGZjaXdtbXhadlkrWVpZcjQ5QXYxRi9xMzM4bTNMNnU0cmFYUi96UGFOUFpudlF3c0MzbmZLVDdoMDk3bG9LCi81dHRHMGtTR2NjaHFOVlpic1dlU2FZeGdKUkZQbEhORVNSWEpIcHJlR0JBVFVldUxMZmhzTGxCZ3RNRzRLb2cKaUtaeXdBTnNKVGdPZmFnVzRHK0p6cWlmUkZkYTU4UG5FVlpTdVEyQXhpMDlCMEFTZDdsYWI2ZVkyYjB1MmVuZgpWZUc2R1g4TEtOVCtlSnJnRXprQ0F3RUFBYU5aTUZjd0RnWURWUjBQQVFIL0JBUURBZ0trTUE4R0ExVWRFd0VCCi93UUZNQU1CQWY4d0hRWURWUjBPQkJZRUZCcjVxRldmMTU3TWEya09zN0pad0wxUGtHbnBNQlVHQTFVZEVRUU8KTUF5Q0NtdDFZbVZ5Ym1WMFpYTXdEUVlKS29aSWh2Y05BUUVMQlFBRGdnRUJBR2J1RFk4alBJditORXJsekxYNAprakNWRkRGak0wV0tCd3RaNGk0eUlUY0IvdkxOenBjSDVGSmZZLzEzZStNbmg2V0owdVN2UkFiY055YmE1dGd1Ck1sVC9IQjRDcm04MkNtcjkrMUN2SGNhK3JLMjVUaldvcTdxYUJZbU9kRE1SajhGQ2oxYUNMK0N4YWJ0OHFNOE8KMnpiNlhrdjk2NXZxV0c0V1BRS3Y1ckFha25YYWo3cm1GMkZ6RGdMeXZDMzNEQXB6cmozS3JCSitESjV2ZVZ6QwpVNjlLbmc5blZxNTVSZGltL0ZNRkJ2ajN1WUNwVlBtVnNad2FFTGl5RjhhelB0MG1WQktNaml3a3QwbU1KQ1RGCmp6TkZWSzFaYkMxR3YvNkZUTTlTeWxyWXE3RldUWHlHWnFKcHRaOWoyaGoyYVRtSzRPMHpNRDIvUUtrUjhlS3oKeEZZPQotLS0tLUVORCBDRVJUSUZJQ0FURS0tLS0tCg==\n    server: https://127.0.0.1:35879\n  name: kind-lab-puro\ncontexts:\n- context:\n    cluster: kind-lab-puro\n    user: kind-lab-puro\n  name: kind-lab-puro\ncurrent-context: kind-lab-puro\nkind: Config\npreferences: {}\nusers:\n- name: kind-lab-puro\n  user:\n    client-certificate-data: LS0tLS1CRUdJTiBDRVJUSUZJQ0FURS0tLS0tCk1JSURJVENDQWdtZ0F3SUJBZ0lJVG1xNDAwaUl0WjB3RFFZSktvWklodmNOQVFFTEJRQXdGVEVUTUJFR0ExVUUKQXhNS2EzVmlaWEp1WlhSbGN6QWVGdzB5TmpBMU1qTXlNakkyTVRsYUZ3MHlOekExTWpNeU1qSTJNakJhTURReApGekFWQmdOVkJBb1REbk41YzNSbGJUcHRZWE4wWlhKek1Sa3dGd1lEVlFRREV4QnJkV0psY201bGRHVnpMV0ZrCmJXbHVNSUlCSWpBTkJna3Foa2lHOXcwQkFRRUZBQU9DQVE4QU1JSUJDZ0tDQVFFQStWQ1ozZmVwTWZacDVydFgKNnFrQTArSDA3TjlaR1g3bnlkUUpvWTVKSHF5a2lGMDBKb0pNbENSYkpHUzBYQ2VEblN1ZmQwakJRVUFqanpDQgpXdXhJUUY4Q011Rk9KM3lvVVFJVHFzWncvN1JubHNsckdFVFo5QnIxc3U1SjMzZXo4aytiL1RneHM0WERURURXClViK0x0cE91UU8xYng5aGJsTmthbC9oM0xDLzliM1JmQUwvdmsvWWlqQUlIcm0zdHJ6dWtYNWQwVmUzTkxLTisKNzV3N1VzN0d3bDA0ak5GVUdxVGt0bHFDUmJjbVZvOU4zR2VXSTZTRkZkbUFnb0NTVmNmTEpwZlZzbGxPVkNPawpmdk9GUnl2dGJzNjM3SkFZSXc3dlhyRkNVTTd2OU1icGlLT0FsY2N0T1hvNWFENzVuZHdTK1NteFlVYk1Zc0pCCm50M1N3UUlEQVFBQm8xWXdWREFPQmdOVkhROEJBZjhFQkFNQ0JhQXdFd1lEVlIwbEJBd3dDZ1lJS3dZQkJRVUgKQXdJd0RBWURWUjBUQVFIL0JBSXdBREFmQmdOVkhTTUVHREFXZ0JRYSthaFZuOWVlekd0cERyT3lXY0M5VDVCcAo2VEFOQmdrcWhraUc5dzBCQVFzRkFBT0NBUUVBaDg5cHhQL3Rxek5sQkpuQXZMSUkwb3BIOTkxYW12STdkMm12CmxmSHBiTGtpYW0vUVAvU0tNVG55Tlg3Mnd3Rm5mQTVsMzFnT0NjVk81TTIzUytjVHpYQUFRS0xxWVBYek9LNFIKQ3JXWkxLUTVGbUI0a1o0SWdtT2xUeThkWlprZEVRS3VMcC8wbWFPR2JvOHAzbmhud0xUREZSTHNtbFJ1MDd4MQpneUk5QUhQd0l1cTJMUlhNK3dJN2Y1ckZYMzl0RHRJQUFGbzFGZkVzMnJHRWdDZTk3dk91MlNsNVJsU3M3a2ZxCjRzZHBWTUJDcHNuNE5JaVpRcHk0V3p3dGdZdGFJSitLM2pBM1pzUWlVZ1dpNTYyMjVlT2pPTEczMmg5SUNvZ1AKTkFwRXQ0K21lZENVdUQzYXFkR3VZbGxFdEp6NVBSVkp3M1h5V3BmN0tOUEt3ejV3MVE9PQotLS0tLUVORCBDRVJUSUZJQ0FURS0tLS0tCg==\n    client-key-data: LS0tLS1CRUdJTiBSU0EgUFJJVkFURSBLRVktLS0tLQpNSUlFb2dJQkFBS0NBUUVBK1ZDWjNmZXBNZlpwNXJ0WDZxa0EwK0gwN045WkdYN255ZFFKb1k1SkhxeWtpRjAwCkpvSk1sQ1JiSkdTMFhDZURuU3VmZDBqQlFVQWpqekNCV3V4SVFGOENNdUZPSjN5b1VRSVRxc1p3LzdSbmxzbHIKR0VUWjlCcjFzdTVKMzNlejhrK2IvVGd4czRYRFRFRFdVYitMdHBPdVFPMWJ4OWhibE5rYWwvaDNMQy85YjNSZgpBTC92ay9ZaWpBSUhybTN0cnp1a1g1ZDBWZTNOTEtOKzc1dzdVczdHd2wwNGpORlVHcVRrdGxxQ1JiY21WbzlOCjNHZVdJNlNGRmRtQWdvQ1NWY2ZMSnBmVnNsbE9WQ09rZnZPRlJ5dnRiczYzN0pBWUl3N3ZYckZDVU03djlNYnAKaUtPQWxjY3RPWG81YUQ3NW5kd1MrU214WVViTVlzSkJudDNTd1FJREFRQUJBb0lCQUZ3Um9lRFF0dERXbU9FMgpTZzlFZmlQQkMvdjF0eWV0TDlmZXovZXpYZGxRRkNxdmtMU3Y1YXZIaVVqMVQ0M0FvZUFHM2dyaytVa3BjSGhPCmgxYVdiMUFtUmQrWVNJNVlnS2Y1eGwySWp1NC9Kd29PTTlod2hMU2F5Q1ZkempZU05JZkZVbXUrdHN2L0Y5SXYKRjNaMDhCbHFqQzA1K216Z3YyRkdrNFdQb2lMVWs0QnFHYllTVUFkakdHM2g0T0ViRDNCRndjTlRkd3pYV24wUApBQlhnTnJlaHZkaFpQWkZoQXlubktCd0EzcktCaUd1VnJKemJPQTlidzdNWUJRTTMycFdYQld0ZTduRndnVElICnpqY1RjZEpSQ3VCbzgwaVVReW4raEdqTTk4c0pSSE9xUmVuTmY5ZmZ2SmRYMHpsQmFDMStMdFpaZDVjOU8wdlgKMHNTVnNTa0NnWUVBK3p1S2JLaVJNeTlBckY2azY1bGpDcHZ0eGRITzVrcWliczB5QXE5VUZjNlNTMnZCQUY5aApFL20rWUdaUWZKSkRFdTNwRkhVSGtQYmlwUjY4UzNoLytOK0gxaEhlbEM2dmFwdlhvYWNSMGVTVlo5bThwVXRaCllDcWdoRTVxcHk1a2RHSUE5TEFzRURtZ0lTdHNoQlhrc3JEQkdYalVpMUNLZVR2a09zdFNQZjhDZ1lFQS9ndSsKZzNmRVl5UjRNcWtPSzlxSEZYbHQ0SDBabmk2dTA2SFZmdEtoZ0FxbTYyV1pEQXFCUmxhbkVuRlR3eHhjS1JvdQo4dDNUUTdRbko3Y0VQaXBCUmZKZlBENC9iTFdmVTRxQm5iREtVSXpZMmlWUElWRUUxbE5Xd3lsUElCTDdoMWpTClFJblJSSmlwTzFOVktqRnpFN2lOUmVpVkpOK0tlakZ1M3RGQmJ6OENnWUJ6bHdSc1UrNWlkMll4S0dhR3c0N3YKRGFrTGNDbmFpUkpOR25uZEJHQVNuSFZ3NEFYdnJ2S1NaMEN4UjhIV1h0RWZmM2pTNGJsMmVERDFPYnYybVYxLwoyeEM3YklOVStGbmJHaExQSEhnMWN3OU90YjUyNnNFWFh1VjFta0sxNHNGelRyZ1QzSTZaZEhuNWFPcEhwMjhPCnpBWThPdnpIa0duMXQ1bWRkM2pDYndLQmdHdUMzdHBXV2pjMjNPTmJwaEtyQlpYeDhLMGJaRGNNUEpKMW41dHYKV2tlTXVuMU9Yc200dkdMZkV3OThCRjNDNThIQlFmTW9LMXN3cDQxb0o1U0RYMkpSb3pva2djVG96QWVYeXlqSQpBNmE1SktDVlAzcXpCZUFLSHVLeTNiaU9NQUprZFg0NGxPWjUwTXk1aElZNXJTREFicEVTVCtQdDhuV3A2K2pDCkYvWVRBb0dBRFhKa0tpYnZTTEJ2MGZ3aGF0SkFFazdKclN0cnBxUGxTdkd0bVhZY2RPYjlwVkJBbDc4dU9QRDMKcjV3SUlMd3dxNUZydVpSRXZRUnhmSTVHY0QwOFdSd3o4cUJqNGJISFA2QkpIdm02VTVDR3A4KzRIK0xEQUtaeAorRmJCbTlPN3gwczEvdFlkdHVLMWpLZHJ4QmlLancyMnBjaS9qRjlIWmhnbjZ2T1ZNZnc9Ci0tLS0tRU5EIFJTQSBQUklWQVRFIEtFWS0tLS0tCg==\n",
            "kubeconfig_path": "/home/joaosilva/.kube/config",
            "name": "lab-puro",
            "node_image": null,
            "timeouts": null,
            "wait_for_ready": true
          },
          "sensitive_attributes": [],
          "identity_schema_version": 0,
          "private": "eyJlMmJmYjczMC1lY2FhLTExZTYtOGY4OC0zNDM2M2JjN2M0YzAiOnsiY3JlYXRlIjozMDAwMDAwMDAwMDAsImRlbGV0ZSI6MzAwMDAwMDAwMDAwLCJ1cGRhdGUiOjMwMDAwMDAwMDAwMH19"
        }
      ]
    },
    {
      "mode": "managed",
      "type": "kubernetes_cluster_role",
      "name": "metrics_server",
      "provider": "provider[\"registry.terraform.io/hashicorp/kubernetes\"]",
      "instances": [
        {
          "schema_version": 0,
          "attributes": {
            "aggregation_rule": [],
            "id": "system:metrics-server",
            "metadata": [
              {
                "annotations": {},
                "generate_name": "",
                "generation": 0,
                "labels": {
                  "k8s-app": "metrics-server",
                  "kubernetes.io/bootstrapping": "rbac-defaults"
                },
                "name": "system:metrics-server",
                "resource_version": "3302",
                "uid": "dc657da1-63e5-4d68-a4c2-2a09469edc13"
              }
            ],
            "rule": [
              {
                "api_groups": [
                  ""
                ],
                "non_resource_urls": [],
                "resource_names": [],
                "resources": [
                  "nodes/metrics",
                  "nodes/stats",
                  "nodes/proxy",
                  "pods",
                  "nodes"
                ],
                "verbs": [
                  "get",
                  "list",
                  "watch"
                ]
              }
            ]
          },
          "sensitive_attributes": [],
          "identity_schema_version": 1,
          "identity": {
            "api_version": "rbac.authorization.k8s.io/v1",
            "kind": "ClusterRole",
            "name": "system:metrics-server"
          },
          "private": "bnVsbA==",
          "dependencies": [
            "kind_cluster.lab_puro"
          ]
        }
      ]
    },
    {
      "mode": "managed",
      "type": "kubernetes_cluster_role",
      "name": "system_aggregated_metrics_reader",
      "provider": "provider[\"registry.terraform.io/hashicorp/kubernetes\"]",
      "instances": [
        {
          "schema_version": 0,
          "attributes": {
            "aggregation_rule": [],
            "id": "system:aggregated-metrics-reader",
            "metadata": [
              {
                "annotations": {},
                "generate_name": "",
                "generation": 0,
                "labels": {
                  "rbac.authorization.k8s.io/aggregate-to-admin": "true",
                  "rbac.authorization.k8s.io/aggregate-to-edit": "true",
                  "rbac.authorization.k8s.io/aggregate-to-view": "true"
                },
                "name": "system:aggregated-metrics-reader",
                "resource_version": "3301",
                "uid": "8494656f-2b18-4b64-bc0e-74f047a6590c"
              }
            ],
            "rule": [
              {
                "api_groups": [
                  "metrics.k8s.io"
                ],
                "non_resource_urls": [],
                "resource_names": [],
                "resources": [
                  "pods",
                  "nodes"
                ],
                "verbs": [
                  "get",
                  "list",
                  "watch"
                ]
              }
            ]
          },
          "sensitive_attributes": [],
          "identity_schema_version": 1,
          "identity": {
            "api_version": "rbac.authorization.k8s.io/v1",
            "kind": "ClusterRole",
            "name": "system:aggregated-metrics-reader"
          },
          "private": "bnVsbA==",
          "dependencies": [
            "kind_cluster.lab_puro"
          ]
        }
      ]
    },
    {
      "mode": "managed",
      "type": "kubernetes_cluster_role_binding",
      "name": "metrics_server",
      "provider": "provider[\"registry.terraform.io/hashicorp/kubernetes\"]",
      "instances": [
        {
          "schema_version": 0,
          "attributes": {
            "id": "system:metrics-server",
            "metadata": [
              {
                "annotations": {},
                "generate_name": "",
                "generation": 0,
                "labels": {
                  "k8s-app": "metrics-server"
                },
                "name": "system:metrics-server",
                "resource_version": "3315",
                "uid": "80908480-923c-4be4-b24f-a53b192a674e"
              }
            ],
            "role_ref": [
              {
                "api_group": "rbac.authorization.k8s.io",
                "kind": "ClusterRole",
                "name": "system:metrics-server"
              }
            ],
            "subject": [
              {
                "api_group": "",
                "kind": "ServiceAccount",
                "name": "metrics-server",
                "namespace": "kube-system"
              }
            ]
          },
          "sensitive_attributes": [],
          "identity_schema_version": 1,
          "identity": {
            "api_version": "rbac.authorization.k8s.io/v1",
            "kind": "ClusterRoleBinding",
            "name": "system:metrics-server"
          },
          "private": "bnVsbA==",
          "dependencies": [
            "kind_cluster.lab_puro",
            "kubernetes_cluster_role.metrics_server",
            "kubernetes_service_account.metrics_server"
          ]
        }
      ]
    },
    {
      "mode": "managed",
      "type": "kubernetes_deployment_v1",
      "name": "api_deployment",
      "provider": "provider[\"registry.terraform.io/hashicorp/kubernetes\"]",
      "instances": [
        {
          "schema_version": 1,
          "attributes": {
            "id": "default/api-deployment",
            "metadata": [
              {
                "annotations": {},
                "generate_name": "",
                "generation": 3,
                "labels": {
                  "app": "api-autoscale"
                },
                "name": "api-deployment",
                "namespace": "default",
                "resource_version": "12099",
                "uid": "6f7c899b-13ad-4ee8-bfa3-02cc8769bb12"
              }
            ],
            "spec": [
              {
                "min_ready_seconds": 0,
                "paused": false,
                "progress_deadline_seconds": 600,
                "replicas": "1",
                "revision_history_limit": 10,
                "selector": [
                  {
                    "match_expressions": [],
                    "match_labels": {
                      "app": "api-autoscale"
                    }
                  }
                ],
                "strategy": [
                  {
                    "rolling_update": [
                      {
                        "max_surge": "25%",
                        "max_unavailable": "25%"
                      }
                    ],
                    "type": "RollingUpdate"
                  }
                ],
                "template": [
                  {
                    "metadata": [
                      {
                        "annotations": {},
                        "generate_name": "",
                        "generation": 0,
                        "labels": {
                          "app": "api-autoscale"
                        },
                        "name": "",
                        "namespace": "",
                        "resource_version": "",
                        "uid": ""
                      }
                    ],
                    "spec": [
                      {
                        "active_deadline_seconds": 0,
                        "affinity": [],
                        "automount_service_account_token": true,
                        "container": [
                          {
                            "args": [],
                            "command": [],
                            "env": [],
                            "env_from": [],
                            "image": "api-autoscale:v1",
                            "image_pull_policy": "IfNotPresent",
                            "lifecycle": [],
                            "liveness_probe": [],
                            "name": "api-container",
                            "port": [
                              {
                                "container_port": 8000,
                                "host_ip": "",
                                "host_port": 0,
                                "name": "",
                                "protocol": "TCP"
                              }
                            ],
                            "readiness_probe": [],
                            "resources": [
                              {
                                "limits": {
                                  "cpu": "200m",
                                  "memory": "256Mi"
                                },
                                "requests": {
                                  "cpu": "100m",
                                  "memory": "128Mi"
                                }
                              }
                            ],
                            "restart_policy": "",
                            "security_context": [],
                            "startup_probe": [],
                            "stdin": false,
                            "stdin_once": false,
                            "termination_message_path": "/dev/termination-log",
                            "termination_message_policy": "File",
                            "tty": false,
                            "volume_device": [],
                            "volume_mount": [],
                            "working_dir": ""
                          }
                        ],
                        "dns_config": [],
                        "dns_policy": "ClusterFirst",
                        "enable_service_links": true,
                        "host_aliases": [],
                        "host_ipc": false,
                        "host_network": false,
                        "host_pid": false,
                        "hostname": "",
                        "image_pull_secrets": [],
                        "init_container": [],
                        "node_name": "",
                        "node_selector": {},
                        "os": [],
                        "priority_class_name": "",
                        "readiness_gate": [],
                        "restart_policy": "Always",
                        "runtime_class_name": "",
                        "scheduler_name": "default-scheduler",
                        "security_context": [],
                        "service_account_name": "",
                        "share_process_namespace": false,
                        "subdomain": "",
                        "termination_grace_period_seconds": 30,
                        "toleration": [],
                        "topology_spread_constraint": [],
                        "volume": []
                      }
                    ]
                  }
                ]
              }
            ],
            "timeouts": null,
            "wait_for_rollout": true
          },
          "sensitive_attributes": [],
          "identity_schema_version": 1,
          "identity": {
            "api_version": "apps/v1",
            "kind": "Deployment",
            "name": "api-deployment",
            "namespace": "default"
          },
          "private": "eyJlMmJmYjczMC1lY2FhLTExZTYtOGY4OC0zNDM2M2JjN2M0YzAiOnsiY3JlYXRlIjo2MDAwMDAwMDAwMDAsImRlbGV0ZSI6NjAwMDAwMDAwMDAwLCJ1cGRhdGUiOjYwMDAwMDAwMDAwMH0sInNjaGVtYV92ZXJzaW9uIjoiMSJ9",
          "dependencies": [
            "kind_cluster.lab_puro"
          ]
        }
      ]
    },
    {
      "mode": "managed",
      "type": "kubernetes_deployment_v1",
      "name": "metrics_server",
      "provider": "provider[\"registry.terraform.io/hashicorp/kubernetes\"]",
      "instances": [
        {
          "schema_version": 1,
          "attributes": {
            "id": "kube-system/metrics-server",
            "metadata": [
              {
                "annotations": {},
                "generate_name": "",
                "generation": 5,
                "labels": {
                  "k8s-app": "metrics-server"
                },
                "name": "metrics-server",
                "namespace": "kube-system",
                "resource_version": "12106",
                "uid": "decfde4c-b72f-4d7f-bbf3-8c39657c564d"
              }
            ],
            "spec": [
              {
                "min_ready_seconds": 0,
                "paused": false,
                "progress_deadline_seconds": 600,
                "replicas": "1",
                "revision_history_limit": 10,
                "selector": [
                  {
                    "match_expressions": [],
                    "match_labels": {
                      "k8s-app": "metrics-server"
                    }
                  }
                ],
                "strategy": [
                  {
                    "rolling_update": [
                      {
                        "max_surge": "25%",
                        "max_unavailable": "1"
                      }
                    ],
                    "type": "RollingUpdate"
                  }
                ],
                "template": [
                  {
                    "metadata": [
                      {
                        "annotations": {},
                        "generate_name": "",
                        "generation": 0,
                        "labels": {
                          "k8s-app": "metrics-server"
                        },
                        "name": "",
                        "namespace": "",
                        "resource_version": "",
                        "uid": ""
                      }
                    ],
                    "spec": [
                      {
                        "active_deadline_seconds": 0,
                        "affinity": [],
                        "automount_service_account_token": true,
                        "container": [
                          {
                            "args": [
                              "--cert-dir=/tmp",
                              "--secure-port=4443",
                              "--kubelet-preferred-address-types=InternalIP",
                              "--kubelet-use-node-status-port",
                              "--metric-resolution=15s",
                              "--kubelet-insecure-tls"
                            ],
                            "command": [],
                            "env": [],
                            "env_from": [],
                            "image": "registry.k8s.io/metrics-server/metrics-server:v0.8.1",
                            "image_pull_policy": "IfNotPresent",
                            "lifecycle": [],
                            "liveness_probe": [],
                            "name": "metrics-server",
                            "port": [
                              {
                                "container_port": 4443,
                                "host_ip": "",
                                "host_port": 0,
                                "name": "https",
                                "protocol": "TCP"
                              }
                            ],
                            "readiness_probe": [],
                            "resources": [
                              {
                                "limits": {},
                                "requests": {
                                  "cpu": "100m",
                                  "memory": "200Mi"
                                }
                              }
                            ],
                            "restart_policy": "",
                            "security_context": [
                              {
                                "allow_privilege_escalation": false,
                                "capabilities": [],
                                "privileged": false,
                                "read_only_root_filesystem": true,
                                "run_as_group": "",
                                "run_as_non_root": true,
                                "run_as_user": "1000",
                                "se_linux_options": [],
                                "seccomp_profile": [
                                  {
                                    "localhost_profile": "",
                                    "type": "RuntimeDefault"
                                  }
                                ]
                              }
                            ],
                            "startup_probe": [],
                            "stdin": false,
                            "stdin_once": false,
                            "termination_message_path": "/dev/termination-log",
                            "termination_message_policy": "File",
                            "tty": false,
                            "volume_device": [],
                            "volume_mount": [
                              {
                                "mount_path": "/tmp",
                                "mount_propagation": "None",
                                "name": "tmp-dir",
                                "read_only": false,
                                "sub_path": "",
                                "sub_path_expr": ""
                              }
                            ],
                            "working_dir": ""
                          }
                        ],
                        "dns_config": [],
                        "dns_policy": "ClusterFirst",
                        "enable_service_links": true,
                        "host_aliases": [],
                        "host_ipc": false,
                        "host_network": false,
                        "host_pid": false,
                        "hostname": "",
                        "image_pull_secrets": [],
                        "init_container": [],
                        "node_name": "",
                        "node_selector": {},
                        "os": [],
                        "priority_class_name": "system-cluster-critical",
                        "readiness_gate": [],
                        "restart_policy": "Always",
                        "runtime_class_name": "",
                        "scheduler_name": "default-scheduler",
                        "security_context": [],
                        "service_account_name": "metrics-server",
                        "share_process_namespace": false,
                        "subdomain": "",
                        "termination_grace_period_seconds": 30,
                        "toleration": [],
                        "topology_spread_constraint": [],
                        "volume": [
                          {
                            "aws_elastic_block_store": [],
                            "azure_disk": [],
                            "azure_file": [],
                            "ceph_fs": [],
                            "cinder": [],
                            "config_map": [],
                            "csi": [],
                            "downward_api": [],
                            "empty_dir": [
                              {
                                "medium": "",
                                "size_limit": ""
                              }
                            ],
                            "ephemeral": [],
                            "fc": [],
                            "flex_volume": [],
                            "flocker": [],
                            "gce_persistent_disk": [],
                            "git_repo": [],
                            "glusterfs": [],
                            "host_path": [],
                            "iscsi": [],
                            "local": [],
                            "name": "tmp-dir",
                            "nfs": [],
                            "persistent_volume_claim": [],
                            "photon_persistent_disk": [],
                            "projected": [],
                            "quobyte": [],
                            "rbd": [],
                            "secret": [],
                            "vsphere_volume": []
                          }
                        ]
                      }
                    ]
                  }
                ]
              }
            ],
            "timeouts": null,
            "wait_for_rollout": true
          },
          "sensitive_attributes": [],
          "identity_schema_version": 1,
          "identity": {
            "api_version": "apps/v1",
            "kind": "Deployment",
            "name": "metrics-server",
            "namespace": "kube-system"
          },
          "private": "eyJlMmJmYjczMC1lY2FhLTExZTYtOGY4OC0zNDM2M2JjN2M0YzAiOnsiY3JlYXRlIjo2MDAwMDAwMDAwMDAsImRlbGV0ZSI6NjAwMDAwMDAwMDAwLCJ1cGRhdGUiOjYwMDAwMDAwMDAwMH0sInNjaGVtYV92ZXJzaW9uIjoiMSJ9",
          "dependencies": [
            "kind_cluster.lab_puro",
            "kubernetes_service_account.metrics_server"
          ]
        }
      ]
    },
    {
      "mode": "managed",
      "type": "kubernetes_horizontal_pod_autoscaler_v1",
      "name": "api_hpa",
      "provider": "provider[\"registry.terraform.io/hashicorp/kubernetes\"]",
      "instances": [
        {
          "schema_version": 0,
          "attributes": {
            "id": "default/api-hpa",
            "metadata": [
              {
                "annotations": {},
                "generate_name": "",
                "generation": 0,
                "labels": {},
                "name": "api-hpa",
                "namespace": "default",
                "resource_version": "10210",
                "uid": "112d0504-59fe-4a87-afce-434a999e5e72"
              }
            ],
            "spec": [
              {
                "max_replicas": 5,
                "min_replicas": 1,
                "scale_target_ref": [
                  {
                    "api_version": "apps/v1",
                    "kind": "Deployment",
                    "name": "api-deployment"
                  }
                ],
                "target_cpu_utilization_percentage": 50
              }
            ]
          },
          "sensitive_attributes": [],
          "identity_schema_version": 0,
          "private": "bnVsbA==",
          "dependencies": [
            "kind_cluster.lab_puro",
            "kubernetes_deployment_v1.api_deployment"
          ]
        }
      ]
    },
    {
      "mode": "managed",
      "type": "kubernetes_manifest",
      "name": "metrics_server_apiservice",
      "provider": "provider[\"registry.terraform.io/hashicorp/kubernetes\"]",
      "instances": [
        {
          "schema_version": 1,
          "attributes": {
            "computed_fields": null,
            "field_manager": [],
            "manifest": {
              "value": {
                "apiVersion": "apiregistration.k8s.io/v1",
                "kind": "APIService",
                "metadata": {
                  "name": "v1beta1.metrics.k8s.io"
                },
                "spec": {
                  "group": "metrics.k8s.io",
                  "groupPriorityMinimum": 100,
                  "insecureSkipTLSVerify": true,
                  "service": {
                    "name": "metrics-server",
                    "namespace": "kube-system"
                  },
                  "version": "v1beta1",
                  "versionPriority": 100
                }
              },
              "type": [
                "object",
                {
                  "apiVersion": "string",
                  "kind": "string",
                  "metadata": [
                    "object",
                    {
                      "name": "string"
                    }
                  ],
                  "spec": [
                    "object",
                    {
                      "group": "string",
                      "groupPriorityMinimum": "number",
                      "insecureSkipTLSVerify": "bool",
                      "service": [
                        "object",
                        {
                          "name": "string",
                          "namespace": "string"
                        }
                      ],
                      "version": "string",
                      "versionPriority": "number"
                    }
                  ]
                }
              ]
            },
            "object": {
              "value": {
                "apiVersion": "apiregistration.k8s.io/v1",
                "kind": "APIService",
                "metadata": {
                  "annotations": null,
                  "creationTimestamp": null,
                  "deletionGracePeriodSeconds": null,
                  "deletionTimestamp": null,
                  "finalizers": null,
                  "generateName": null,
                  "generation": null,
                  "labels": null,
                  "managedFields": null,
                  "name": "v1beta1.metrics.k8s.io",
                  "namespace": null,
                  "ownerReferences": null,
                  "resourceVersion": null,
                  "selfLink": null,
                  "uid": null
                },
                "spec": {
                  "caBundle": null,
                  "group": "metrics.k8s.io",
                  "groupPriorityMinimum": 100,
                  "insecureSkipTLSVerify": true,
                  "service": {
                    "name": "metrics-server",
                    "namespace": "kube-system",
                    "port": 443
                  },
                  "version": "v1beta1",
                  "versionPriority": 100
                }
              },
              "type": [
                "object",
                {
                  "apiVersion": "string",
                  "kind": "string",
                  "metadata": [
                    "object",
                    {
                      "annotations": [
                        "map",
                        "string"
                      ],
                      "creationTimestamp": "string",
                      "deletionGracePeriodSeconds": "number",
                      "deletionTimestamp": "string",
                      "finalizers": [
                        "list",
                        "string"
                      ],
                      "generateName": "string",
                      "generation": "number",
                      "labels": [
                        "map",
                        "string"
                      ],
                      "managedFields": [
                        "tuple",
                        [
                          [
                            "object",
                            {
                              "apiVersion": "string",
                              "fieldsType": "string",
                              "fieldsV1": "dynamic",
                              "manager": "string",
                              "operation": "string",
                              "subresource": "string",
                              "time": "string"
                            }
                          ]
                        ]
                      ],
                      "name": "string",
                      "namespace": "string",
                      "ownerReferences": [
                        "list",
                        [
                          "object",
                          {
                            "apiVersion": "string",
                            "blockOwnerDeletion": "bool",
                            "controller": "bool",
                            "kind": "string",
                            "name": "string",
                            "uid": "string"
                          }
                        ]
                      ],
                      "resourceVersion": "string",
                      "selfLink": "string",
                      "uid": "string"
                    }
                  ],
                  "spec": [
                    "object",
                    {
                      "caBundle": "string",
                      "group": "string",
                      "groupPriorityMinimum": "number",
                      "insecureSkipTLSVerify": "bool",
                      "service": [
                        "object",
                        {
                          "name": "string",
                          "namespace": "string",
                          "port": "number"
                        }
                      ],
                      "version": "string",
                      "versionPriority": "number"
                    }
                  ]
                }
              ]
            },
            "timeouts": [],
            "wait": [],
            "wait_for": null
          },
          "sensitive_attributes": [],
          "identity_schema_version": 1,
          "identity": {
            "api_version": "apiregistration.k8s.io/v1",
            "kind": "APIService",
            "name": "v1beta1.metrics.k8s.io",
            "namespace": ""
          },
          "dependencies": [
            "kind_cluster.lab_puro",
            "kubernetes_service.metrics_server"
          ]
        }
      ]
    },
    {
      "mode": "managed",
      "type": "kubernetes_role_binding",
      "name": "metrics_server_auth_reader",
      "provider": "provider[\"registry.terraform.io/hashicorp/kubernetes\"]",
      "instances": [
        {
          "schema_version": 0,
          "attributes": {
            "id": "kube-system/metrics-server-auth-reader",
            "metadata": [
              {
                "annotations": {},
                "generate_name": "",
                "generation": 0,
                "labels": {
                  "k8s-app": "metrics-server"
                },
                "name": "metrics-server-auth-reader",
                "namespace": "kube-system",
                "resource_version": "3314",
                "uid": "69b17d32-e975-4ed6-8037-1c07c1758f48"
              }
            ],
            "role_ref": [
              {
                "api_group": "rbac.authorization.k8s.io",
                "kind": "Role",
                "name": "extension-apiserver-authentication-reader"
              }
            ],
            "subject": [
              {
                "api_group": "",
                "kind": "ServiceAccount",
                "name": "metrics-server",
                "namespace": "kube-system"
              }
            ]
          },
          "sensitive_attributes": [],
          "identity_schema_version": 1,
          "identity": {
            "api_version": "rbac.authorization.k8s.io/v1",
            "kind": "RoleBinding",
            "name": "metrics-server-auth-reader",
            "namespace": "kube-system"
          },
          "private": "bnVsbA==",
          "dependencies": [
            "kind_cluster.lab_puro",
            "kubernetes_service_account.metrics_server"
          ]
        }
      ]
    },
    {
      "mode": "managed",
      "type": "kubernetes_service",
      "name": "metrics_server",
      "provider": "provider[\"registry.terraform.io/hashicorp/kubernetes\"]",
      "instances": [
        {
          "schema_version": 1,
          "attributes": {
            "id": "kube-system/metrics-server",
            "metadata": [
              {
                "annotations": {},
                "generate_name": "",
                "generation": 0,
                "labels": {
                  "k8s-app": "metrics-server"
                },
                "name": "metrics-server",
                "namespace": "kube-system",
                "resource_version": "10153",
                "uid": "5a47464a-4edf-4379-a238-88b092f3539d"
              }
            ],
            "spec": [
              {
                "allocate_load_balancer_node_ports": true,
                "cluster_ip": "10.96.237.131",
                "cluster_ips": [
                  "10.96.237.131"
                ],
                "external_ips": [],
                "external_name": "",
                "external_traffic_policy": "",
                "health_check_node_port": 0,
                "internal_traffic_policy": "Cluster",
                "ip_families": [
                  "IPv4"
                ],
                "ip_family_policy": "SingleStack",
                "load_balancer_class": "",
                "load_balancer_ip": "",
                "load_balancer_source_ranges": [],
                "port": [
                  {
                    "app_protocol": "",
                    "name": "https",
                    "node_port": 0,
                    "port": 443,
                    "protocol": "TCP",
                    "target_port": "4443"
                  }
                ],
                "publish_not_ready_addresses": false,
                "selector": {
                  "k8s-app": "metrics-server"
                },
                "session_affinity": "None",
                "session_affinity_config": [],
                "type": "ClusterIP"
              }
            ],
            "status": [
              {
                "load_balancer": [
                  {
                    "ingress": []
                  }
                ]
              }
            ],
            "timeouts": null,
            "wait_for_load_balancer": true
          },
          "sensitive_attributes": [],
          "identity_schema_version": 1,
          "identity": {
            "api_version": "v1",
            "kind": "Service",
            "name": "metrics-server",
            "namespace": "kube-system"
          },
          "private": "eyJlMmJmYjczMC1lY2FhLTExZTYtOGY4OC0zNDM2M2JjN2M0YzAiOnsiY3JlYXRlIjo2MDAwMDAwMDAwMDB9LCJzY2hlbWFfdmVyc2lvbiI6IjEifQ==",
          "dependencies": [
            "kind_cluster.lab_puro"
          ]
        }
      ]
    },
    {
      "mode": "managed",
      "type": "kubernetes_service_account",
      "name": "metrics_server",
      "provider": "provider[\"registry.terraform.io/hashicorp/kubernetes\"]",
      "instances": [
        {
          "schema_version": 0,
          "attributes": {
            "automount_service_account_token": true,
            "default_secret_name": "",
            "id": "kube-system/metrics-server",
            "image_pull_secret": [],
            "metadata": [
              {
                "annotations": {},
                "generate_name": "",
                "generation": 0,
                "labels": {
                  "k8s-app": "metrics-server"
                },
                "name": "metrics-server",
                "namespace": "kube-system",
                "resource_version": "3300",
                "uid": "2aecb8c4-dc94-4324-bcbc-65d22f34a6a1"
              }
            ],
            "secret": [],
            "timeouts": null
          },
          "sensitive_attributes": [],
          "identity_schema_version": 1,
          "identity": {
            "api_version": "v1",
            "kind": "ServiceAccount",
            "name": "metrics-server",
            "namespace": "kube-system"
          },
          "private": "eyJlMmJmYjczMC1lY2FhLTExZTYtOGY4OC0zNDM2M2JjN2M0YzAiOnsiY3JlYXRlIjozMDAwMDAwMDAwMH19",
          "dependencies": [
            "kind_cluster.lab_puro"
          ]
        }
      ]
    },
    {
      "mode": "managed",
      "type": "kubernetes_service_v1",
      "name": "api_service",
      "provider": "provider[\"registry.terraform.io/hashicorp/kubernetes\"]",
      "instances": [
        {
          "schema_version": 1,
          "attributes": {
            "id": "default/api-service",
            "metadata": [
              {
                "annotations": {},
                "generate_name": "",
                "generation": 0,
                "labels": {},
                "name": "api-service",
                "namespace": "default",
                "resource_version": "7512",
                "uid": "7c143d41-f9aa-4d6c-85af-b182d7f587d1"
              }
            ],
            "spec": [
              {
                "allocate_load_balancer_node_ports": true,
                "cluster_ip": "10.96.12.117",
                "cluster_ips": [
                  "10.96.12.117"
                ],
                "external_ips": [],
                "external_name": "",
                "external_traffic_policy": "",
                "health_check_node_port": 0,
                "internal_traffic_policy": "Cluster",
                "ip_families": [
                  "IPv4"
                ],
                "ip_family_policy": "SingleStack",
                "load_balancer_class": "",
                "load_balancer_ip": "",
                "load_balancer_source_ranges": [],
                "port": [
                  {
                    "app_protocol": "",
                    "name": "",
                    "node_port": 0,
                    "port": 8000,
                    "protocol": "TCP",
                    "target_port": "8000"
                  }
                ],
                "publish_not_ready_addresses": false,
                "selector": {
                  "app": "api-autoscale"
                },
                "session_affinity": "None",
                "session_affinity_config": [],
                "type": "ClusterIP"
              }
            ],
            "status": [
              {
                "load_balancer": [
                  {
                    "ingress": []
                  }
                ]
              }
            ],
            "timeouts": null,
            "wait_for_load_balancer": true
          },
          "sensitive_attributes": [],
          "identity_schema_version": 1,
          "identity": {
            "api_version": "v1",
            "kind": "Service",
            "name": "api-service",
            "namespace": "default"
          },
          "private": "eyJlMmJmYjczMC1lY2FhLTExZTYtOGY4OC0zNDM2M2JjN2M0YzAiOnsiY3JlYXRlIjo2MDAwMDAwMDAwMDB9LCJzY2hlbWFfdmVyc2lvbiI6IjEifQ==",
          "dependencies": [
            "kind_cluster.lab_puro"
          ]
        }
      ]
    }
  ],
  "check_results": null
}
